
Microsoft Visual Studio Solution File, Format Version 12.00
# Visual Studio Version 17
VisualStudioVersion = 17.1.32210.238
MinimumVisualStudioVersion = 10.0.40219.1
Project("{FAE04EC0-301F-11D3-BF4B-00C04F79EFBC}") = "Level_Access_Data", "Level_Access_Data.csproj", "{AFC14CE6-6AD9-4505-BD2C-61EDE4C92B85}"
EndProject
Global
	GlobalSection(SolutionConfigurationPlatforms) = preSolution
		Debug|Any CPU = Debug|Any CPU
		Release|Any CPU = Release|Any CPU
	EndGlobalSection
	GlobalSection(ProjectConfigurationPlatforms) = postSolution
		{AFC14CE6-6AD9-4505-BD2C-61EDE4C92B85}.Debug|Any CPU.ActiveCfg = Debug|Any CPU
		{AFC14CE6-6AD9-4505-BD2C-61EDE4C92B85}.Debug|Any CPU.Build.0 = Debug|Any CPU
		{AFC14CE6-6AD9-4505-BD2C-61EDE4C92B85}.Release|Any CPU.ActiveCfg = Release|Any CPU
		{AFC14CE6-6AD9-4505-BD2C-61EDE4C92B85}.Release|Any CPU.Build.0 = Release|Any CPU
	EndGlobalSection
	GlobalSection(SolutionProperties) = preSolution
		HideSolutionNode = FALSE
	EndGlobalSection
	GlobalSection(ExtensibilityGlobals) = postSolution
		SolutionGuid = {6B8DCC02-29B9-4361-AE88-CA8E8B79C283}
	EndGlobalSection
EndGlobal
